
Microsoft Visual Studio Solution File, Format Version 12.00
# Visual Studio Version 17
VisualStudioVersion = 17.7.34024.191
MinimumVisualStudioVersion = 10.0.40219.1
Project("{9A19103F-16F7-4668-BE54-9A1E7A4F7556}") = "NZWalk.API", "NZWalk.API\NZWalk.API.csproj", "{EE54F58E-16DE-4F72-AAE2-F08AC214423D}"
EndProject
Project("{FAE04EC0-301F-11D3-BF4B-00C04F79EFBC}") = "NZWalk.Frontend", "NZWalk.Frontend\NZWalk.Frontend.csproj", "{36F7C08B-41A5-4D05-AAB5-3A346EF10C89}"
EndProject
Global
	GlobalSection(SolutionConfigurationPlatforms) = preSolution
		Debug|Any CPU = Debug|Any CPU
		Release|Any CPU = Release|Any CPU
	EndGlobalSection
	GlobalSection(ProjectConfigurationPlatforms) = postSolution
		{EE54F58E-16DE-4F72-AAE2-F08AC214423D}.Debug|Any CPU.ActiveCfg = Debug|Any CPU
		{EE54F58E-16DE-4F72-AAE2-F08AC214423D}.Debug|Any CPU.Build.0 = Debug|Any CPU
		{EE54F58E-16DE-4F72-AAE2-F08AC214423D}.Release|Any CPU.ActiveCfg = Release|Any CPU
		{EE54F58E-16DE-4F72-AAE2-F08AC214423D}.Release|Any CPU.Build.0 = Release|Any CPU
		{36F7C08B-41A5-4D05-AAB5-3A346EF10C89}.Debug|Any CPU.ActiveCfg = Debug|Any CPU
		{36F7C08B-41A5-4D05-AAB5-3A346EF10C89}.Debug|Any CPU.Build.0 = Debug|Any CPU
		{36F7C08B-41A5-4D05-AAB5-3A346EF10C89}.Release|Any CPU.ActiveCfg = Release|Any CPU
		{36F7C08B-41A5-4D05-AAB5-3A346EF10C89}.Release|Any CPU.Build.0 = Release|Any CPU
	EndGlobalSection
	GlobalSection(SolutionProperties) = preSolution
		HideSolutionNode = FALSE
	EndGlobalSection
	GlobalSection(ExtensibilityGlobals) = postSolution
		SolutionGuid = {76BCBCD4-43F1-4F3D-B67E-364E2FB37E4F}
	EndGlobalSection
EndGlobal
